
Microsoft Visual Studio Solution File, Format Version 12.00
# Visual Studio Version 17
VisualStudioVersion = 17.2.32317.152
MinimumVisualStudioVersion = 10.0.40219.1
Project("{FAE04EC0-301F-11D3-BF4B-00C04F79EFBC}") = "DevelSystems", "DevelSystems\DevelSystems.csproj", "{91BEA007-0155-402A-B435-C573086E7BD9}"
EndProject
Global
	GlobalSection(SolutionConfigurationPlatforms) = preSolution
		Debug|Any CPU = Debug|Any CPU
		Release|Any CPU = Release|Any CPU
	EndGlobalSection
	GlobalSection(ProjectConfigurationPlatforms) = postSolution
		{91BEA007-0155-402A-B435-C573086E7BD9}.Debug|Any CPU.ActiveCfg = Debug|Any CPU
		{91BEA007-0155-402A-B435-C573086E7BD9}.Debug|Any CPU.Build.0 = Debug|Any CPU
		{91BEA007-0155-402A-B435-C573086E7BD9}.Release|Any CPU.ActiveCfg = Release|Any CPU
		{91BEA007-0155-402A-B435-C573086E7BD9}.Release|Any CPU.Build.0 = Release|Any CPU
	EndGlobalSection
	GlobalSection(SolutionProperties) = preSolution
		HideSolutionNode = FALSE
	EndGlobalSection
	GlobalSection(ExtensibilityGlobals) = postSolution
		SolutionGuid = {7C71EC33-E5F0-4368-BAE5-3F05A6375912}
	EndGlobalSection
EndGlobal
